// !$*UTF8*$!
{
	archiveVersion = 1;
	classes = {
	};
	objectVersion = 56;
	objects = {

/* Begin PBXBuildFile section */
		42573E782D4D3F0500A34AF0 /* CardDesejo.swift in Sources */ = {isa = PBXBuildFile; fileRef = 42573E772D4D3F0500A34AF0 /* CardDesejo.swift */; };
		42573E7A2D4D4AD000A34AF0 /* TabBar.swift in Sources */ = {isa = PBXBuildFile; fileRef = 42573E792D4D4AD000A34AF0 /* TabBar.swift */; };
		42573E7C2D4D4E2800A34AF0 /* SheetDesejo.swift in Sources */ = {isa = PBXBuildFile; fileRef = 42573E7B2D4D4E2800A34AF0 /* SheetDesejo.swift */; };
		42573E7E2D4D6C5F00A34AF0 /* TelaDesejosView.swift in Sources */ = {isa = PBXBuildFile; fileRef = 42573E7D2D4D6C5F00A34AF0 /* TelaDesejosView.swift */; };
		42573E802D4D71C600A34AF0 /* TelaDesejosViewModel.swift in Sources */ = {isa = PBXBuildFile; fileRef = 42573E7F2D4D71C600A34AF0 /* TelaDesejosViewModel.swift */; };
		7F6D7F752D52834D00C34A6B /* SheetPostagem.swift in Sources */ = {isa = PBXBuildFile; fileRef = 7F6D7F742D52834D00C34A6B /* SheetPostagem.swift */; };
		7F6D7F772D52836800C34A6B /* CardPostagem.swift in Sources */ = {isa = PBXBuildFile; fileRef = 7F6D7F762D52836800C34A6B /* CardPostagem.swift */; };
		7F6D7F792D5283A000C34A6B /* TelaPostagem.swift in Sources */ = {isa = PBXBuildFile; fileRef = 7F6D7F782D5283A000C34A6B /* TelaPostagem.swift */; };
		7FE875D82D5282A100917F43 /* TelaPostagemViewModel.swift in Sources */ = {isa = PBXBuildFile; fileRef = 7FE875D72D5282A100917F43 /* TelaPostagemViewModel.swift */; };
		AB5BFE242D4D646B006D4EED /* BotaoCategoria.swift in Sources */ = {isa = PBXBuildFile; fileRef = AB5BFE232D4D646B006D4EED /* BotaoCategoria.swift */; };
		AB65006D2D52831200F38C34 /* SearchBar.swift in Sources */ = {isa = PBXBuildFile; fileRef = AB65006C2D52831200F38C34 /* SearchBar.swift */; };
		AB81ABD12D4BEEB50021D7E6 /* ViaMemoApp.swift in Sources */ = {isa = PBXBuildFile; fileRef = AB81ABD02D4BEEB50021D7E6 /* ViaMemoApp.swift */; };
		AB81ABD32D4BEEB50021D7E6 /* ContentView.swift in Sources */ = {isa = PBXBuildFile; fileRef = AB81ABD22D4BEEB50021D7E6 /* ContentView.swift */; };
		AB81ABD52D4BEEB60021D7E6 /* Assets.xcassets in Resources */ = {isa = PBXBuildFile; fileRef = AB81ABD42D4BEEB60021D7E6 /* Assets.xcassets */; };
		AB81ABD82D4BEEB60021D7E6 /* Preview Assets.xcassets in Resources */ = {isa = PBXBuildFile; fileRef = AB81ABD72D4BEEB60021D7E6 /* Preview Assets.xcassets */; };
		AB81ABDA2D4BEEB60021D7E6 /* Persistence.swift in Sources */ = {isa = PBXBuildFile; fileRef = AB81ABD92D4BEEB60021D7E6 /* Persistence.swift */; };
		AB81ABDD2D4BEEB60021D7E6 /* ViaMemo.xcdatamodeld in Sources */ = {isa = PBXBuildFile; fileRef = AB81ABDB2D4BEEB60021D7E6 /* ViaMemo.xcdatamodeld */; };
		AB81ABEB2D4C1F3E0021D7E6 /* SwiftData.swift in Sources */ = {isa = PBXBuildFile; fileRef = AB81ABEA2D4C1F3E0021D7E6 /* SwiftData.swift */; };
		AB81ABEF2D4C1F6A0021D7E6 /* CardInicial.swift in Sources */ = {isa = PBXBuildFile; fileRef = AB81ABEE2D4C1F6A0021D7E6 /* CardInicial.swift */; };
		AB81ABF12D4C1F730021D7E6 /* TesteView.swift in Sources */ = {isa = PBXBuildFile; fileRef = AB81ABF02D4C1F730021D7E6 /* TesteView.swift */; };
		AB81ABF32D4C1F900021D7E6 /* TelaInicial.swift in Sources */ = {isa = PBXBuildFile; fileRef = AB81ABF22D4C1F900021D7E6 /* TelaInicial.swift */; };
/* End PBXBuildFile section */

/* Begin PBXFileReference section */
		42573E772D4D3F0500A34AF0 /* CardDesejo.swift */ = {isa = PBXFileReference; lastKnownFileType = sourcecode.swift; path = CardDesejo.swift; sourceTree = "<group>"; };
		42573E792D4D4AD000A34AF0 /* TabBar.swift */ = {isa = PBXFileReference; lastKnownFileType = sourcecode.swift; path = TabBar.swift; sourceTree = "<group>"; };
		42573E7B2D4D4E2800A34AF0 /* SheetDesejo.swift */ = {isa = PBXFileReference; lastKnownFileType = sourcecode.swift; path = SheetDesejo.swift; sourceTree = "<group>"; };
		42573E7D2D4D6C5F00A34AF0 /* TelaDesejosView.swift */ = {isa = PBXFileReference; lastKnownFileType = sourcecode.swift; path = TelaDesejosView.swift; sourceTree = "<group>"; };
		42573E7F2D4D71C600A34AF0 /* TelaDesejosViewModel.swift */ = {isa = PBXFileReference; lastKnownFileType = sourcecode.swift; path = TelaDesejosViewModel.swift; sourceTree = "<group>"; };
		7F6D7F742D52834D00C34A6B /* SheetPostagem.swift */ = {isa = PBXFileReference; lastKnownFileType = sourcecode.swift; path = SheetPostagem.swift; sourceTree = "<group>"; };
		7F6D7F762D52836800C34A6B /* CardPostagem.swift */ = {isa = PBXFileReference; lastKnownFileType = sourcecode.swift; path = CardPostagem.swift; sourceTree = "<group>"; };
		7F6D7F782D5283A000C34A6B /* TelaPostagem.swift */ = {isa = PBXFileReference; lastKnownFileType = sourcecode.swift; path = TelaPostagem.swift; sourceTree = "<group>"; };
		7FE875D72D5282A100917F43 /* TelaPostagemViewModel.swift */ = {isa = PBXFileReference; lastKnownFileType = sourcecode.swift; path = TelaPostagemViewModel.swift; sourceTree = "<group>"; };
		AB5BFE232D4D646B006D4EED /* BotaoCategoria.swift */ = {isa = PBXFileReference; lastKnownFileType = sourcecode.swift; path = BotaoCategoria.swift; sourceTree = "<group>"; };
		AB65006C2D52831200F38C34 /* SearchBar.swift */ = {isa = PBXFileReference; lastKnownFileType = sourcecode.swift; path = SearchBar.swift; sourceTree = "<group>"; };
		AB81ABCD2D4BEEB50021D7E6 /* ViaMemo.app */ = {isa = PBXFileReference; explicitFileType = wrapper.application; includeInIndex = 0; path = ViaMemo.app; sourceTree = BUILT_PRODUCTS_DIR; };
		AB81ABD02D4BEEB50021D7E6 /* ViaMemoApp.swift */ = {isa = PBXFileReference; lastKnownFileType = sourcecode.swift; path = ViaMemoApp.swift; sourceTree = "<group>"; };
		AB81ABD22D4BEEB50021D7E6 /* ContentView.swift */ = {isa = PBXFileReference; lastKnownFileType = sourcecode.swift; path = ContentView.swift; sourceTree = "<group>"; };
		AB81ABD42D4BEEB60021D7E6 /* Assets.xcassets */ = {isa = PBXFileReference; lastKnownFileType = folder.assetcatalog; path = Assets.xcassets; sourceTree = "<group>"; };
		AB81ABD72D4BEEB60021D7E6 /* Preview Assets.xcassets */ = {isa = PBXFileReference; lastKnownFileType = folder.assetcatalog; path = "Preview Assets.xcassets"; sourceTree = "<group>"; };
		AB81ABD92D4BEEB60021D7E6 /* Persistence.swift */ = {isa = PBXFileReference; lastKnownFileType = sourcecode.swift; path = Persistence.swift; sourceTree = "<group>"; };
		AB81ABDC2D4BEEB60021D7E6 /* ViaMemo.xcdatamodel */ = {isa = PBXFileReference; lastKnownFileType = wrapper.xcdatamodel; path = ViaMemo.xcdatamodel; sourceTree = "<group>"; };
		AB81ABEA2D4C1F3E0021D7E6 /* SwiftData.swift */ = {isa = PBXFileReference; lastKnownFileType = sourcecode.swift; path = SwiftData.swift; sourceTree = "<group>"; };
		AB81ABEE2D4C1F6A0021D7E6 /* CardInicial.swift */ = {isa = PBXFileReference; lastKnownFileType = sourcecode.swift; path = CardInicial.swift; sourceTree = "<group>"; };
		AB81ABF02D4C1F730021D7E6 /* TesteView.swift */ = {isa = PBXFileReference; lastKnownFileType = sourcecode.swift; path = TesteView.swift; sourceTree = "<group>"; };
		AB81ABF22D4C1F900021D7E6 /* TelaInicial.swift */ = {isa = PBXFileReference; lastKnownFileType = sourcecode.swift; path = TelaInicial.swift; sourceTree = "<group>"; };
/* End PBXFileReference section */

/* Begin PBXFrameworksBuildPhase section */
		AB81ABCA2D4BEEB50021D7E6 /* Frameworks */ = {
			isa = PBXFrameworksBuildPhase;
			buildActionMask = 2147483647;
			files = (
			);
			runOnlyForDeploymentPostprocessing = 0;
		};
/* End PBXFrameworksBuildPhase section */

/* Begin PBXGroup section */
		42A56E7B2D515C2200C9F117 /* TelaDesejos */ = {
			isa = PBXGroup;
			children = (
				42573E7D2D4D6C5F00A34AF0 /* TelaDesejosView.swift */,
				42573E7F2D4D71C600A34AF0 /* TelaDesejosViewModel.swift */,
			);
			path = TelaDesejos;
			sourceTree = "<group>";
		};
		7FE875D62D52827A00917F43 /* TelaPostagem */ = {
			isa = PBXGroup;
			children = (
				7FE875D72D5282A100917F43 /* TelaPostagemViewModel.swift */,
				7F6D7F782D5283A000C34A6B /* TelaPostagem.swift */,
			);
			path = TelaPostagem;
			sourceTree = "<group>";
		};
		AB81ABC42D4BEEB50021D7E6 = {
			isa = PBXGroup;
			children = (
				AB81ABCF2D4BEEB50021D7E6 /* ViaMemo */,
				AB81ABCE2D4BEEB50021D7E6 /* Products */,
			);
			sourceTree = "<group>";
		};
		AB81ABCE2D4BEEB50021D7E6 /* Products */ = {
			isa = PBXGroup;
			children = (
				AB81ABCD2D4BEEB50021D7E6 /* ViaMemo.app */,
			);
			name = Products;
			sourceTree = "<group>";
		};
		AB81ABCF2D4BEEB50021D7E6 /* ViaMemo */ = {
			isa = PBXGroup;
			children = (
				AB81ABE52D4C16E90021D7E6 /* Resources */,
				AB81ABE42D4C16DF0021D7E6 /* Views */,
				AB81ABE32D4C16D10021D7E6 /* Models */,
				AB81ABD02D4BEEB50021D7E6 /* ViaMemoApp.swift */,
				AB81ABD22D4BEEB50021D7E6 /* ContentView.swift */,
				AB81ABD62D4BEEB60021D7E6 /* Preview Content */,
			);
			path = ViaMemo;
			sourceTree = "<group>";
		};
		AB81ABD62D4BEEB60021D7E6 /* Preview Content */ = {
			isa = PBXGroup;
			children = (
				AB81ABD72D4BEEB60021D7E6 /* Preview Assets.xcassets */,
			);
			path = "Preview Content";
			sourceTree = "<group>";
		};
		AB81ABE32D4C16D10021D7E6 /* Models */ = {
			isa = PBXGroup;
			children = (
				42573E792D4D4AD000A34AF0 /* TabBar.swift */,
				AB81ABE92D4C17480021D7E6 /* SwiftData */,
				AB81ABE82D4C173F0021D7E6 /* CoreData */,
			);
			path = Models;
			sourceTree = "<group>";
		};
		AB81ABE42D4C16DF0021D7E6 /* Views */ = {
			isa = PBXGroup;
			children = (
				AB81ABF02D4C1F730021D7E6 /* TesteView.swift */,
				AB81ABE72D4C17010021D7E6 /* Screens */,
				AB81ABE62D4C16F80021D7E6 /* Components */,
			);
			path = Views;
			sourceTree = "<group>";
		};
		AB81ABE52D4C16E90021D7E6 /* Resources */ = {
			isa = PBXGroup;
			children = (
				AB81ABD42D4BEEB60021D7E6 /* Assets.xcassets */,
			);
			path = Resources;
			sourceTree = "<group>";
		};
		AB81ABE62D4C16F80021D7E6 /* Components */ = {
			isa = PBXGroup;
			children = (
				42573E7B2D4D4E2800A34AF0 /* SheetDesejo.swift */,
				AB81ABEE2D4C1F6A0021D7E6 /* CardInicial.swift */,
				AB5BFE232D4D646B006D4EED /* BotaoCategoria.swift */,
				42573E772D4D3F0500A34AF0 /* CardDesejo.swift */,
				AB65006C2D52831200F38C34 /* SearchBar.swift */,
				7F6D7F742D52834D00C34A6B /* SheetPostagem.swift */,
				7F6D7F762D52836800C34A6B /* CardPostagem.swift */,
			);
			path = Components;
			sourceTree = "<group>";
		};
		AB81ABE72D4C17010021D7E6 /* Screens */ = {
			isa = PBXGroup;
			children = (
				7FE875D62D52827A00917F43 /* TelaPostagem */,
				42A56E7B2D515C2200C9F117 /* TelaDesejos */,
				AB81ABF22D4C1F900021D7E6 /* TelaInicial.swift */,
			);
			path = Screens;
			sourceTree = "<group>";
		};
		AB81ABE82D4C173F0021D7E6 /* CoreData */ = {
			isa = PBXGroup;
			children = (
				AB81ABD92D4BEEB60021D7E6 /* Persistence.swift */,
				AB81ABDB2D4BEEB60021D7E6 /* ViaMemo.xcdatamodeld */,
			);
			path = CoreData;
			sourceTree = "<group>";
		};
		AB81ABE92D4C17480021D7E6 /* SwiftData */ = {
			isa = PBXGroup;
			children = (
				AB81ABEA2D4C1F3E0021D7E6 /* SwiftData.swift */,
			);
			path = SwiftData;
			sourceTree = "<group>";
		};
/* End PBXGroup section */

/* Begin PBXNativeTarget section */
		AB81ABCC2D4BEEB50021D7E6 /* ViaMemo */ = {
			isa = PBXNativeTarget;
			buildConfigurationList = AB81ABE02D4BEEB60021D7E6 /* Build configuration list for PBXNativeTarget "ViaMemo" */;
			buildPhases = (
				AB81ABC92D4BEEB50021D7E6 /* Sources */,
				AB81ABCA2D4BEEB50021D7E6 /* Frameworks */,
				AB81ABCB2D4BEEB50021D7E6 /* Resources */,
			);
			buildRules = (
			);
			dependencies = (
			);
			name = ViaMemo;
			productName = ViaMemo;
			productReference = AB81ABCD2D4BEEB50021D7E6 /* ViaMemo.app */;
			productType = "com.apple.product-type.application";
		};
/* End PBXNativeTarget section */

/* Begin PBXProject section */
		AB81ABC52D4BEEB50021D7E6 /* Project object */ = {
			isa = PBXProject;
			attributes = {
				BuildIndependentTargetsInParallel = 1;
				LastSwiftUpdateCheck = 1520;
				LastUpgradeCheck = 1520;
				TargetAttributes = {
					AB81ABCC2D4BEEB50021D7E6 = {
						CreatedOnToolsVersion = 15.2;
					};
				};
			};
			buildConfigurationList = AB81ABC82D4BEEB50021D7E6 /* Build configuration list for PBXProject "ViaMemo" */;
			compatibilityVersion = "Xcode 14.0";
			developmentRegion = en;
			hasScannedForEncodings = 0;
			knownRegions = (
				en,
				Base,
			);
			mainGroup = AB81ABC42D4BEEB50021D7E6;
			productRefGroup = AB81ABCE2D4BEEB50021D7E6 /* Products */;
			projectDirPath = "";
			projectRoot = "";
			targets = (
				AB81ABCC2D4BEEB50021D7E6 /* ViaMemo */,
			);
		};
/* End PBXProject section */

/* Begin PBXResourcesBuildPhase section */
		AB81ABCB2D4BEEB50021D7E6 /* Resources */ = {
			isa = PBXResourcesBuildPhase;
			buildActionMask = 2147483647;
			files = (
				AB81ABD82D4BEEB60021D7E6 /* Preview Assets.xcassets in Resources */,
				AB81ABD52D4BEEB60021D7E6 /* Assets.xcassets in Resources */,
			);
			runOnlyForDeploymentPostprocessing = 0;
		};
/* End PBXResourcesBuildPhase section */

/* Begin PBXSourcesBuildPhase section */
		AB81ABC92D4BEEB50021D7E6 /* Sources */ = {
			isa = PBXSourcesBuildPhase;
			buildActionMask = 2147483647;
			files = (
				AB81ABDA2D4BEEB60021D7E6 /* Persistence.swift in Sources */,
				AB81ABD32D4BEEB50021D7E6 /* ContentView.swift in Sources */,
				AB5BFE242D4D646B006D4EED /* BotaoCategoria.swift in Sources */,
				AB81ABF12D4C1F730021D7E6 /* TesteView.swift in Sources */,
				42573E7C2D4D4E2800A34AF0 /* SheetDesejo.swift in Sources */,
				AB81ABF32D4C1F900021D7E6 /* TelaInicial.swift in Sources */,
				7FE875D82D5282A100917F43 /* TelaPostagemViewModel.swift in Sources */,
				7F6D7F752D52834D00C34A6B /* SheetPostagem.swift in Sources */,
				42573E802D4D71C600A34AF0 /* TelaDesejosViewModel.swift in Sources */,
				AB81ABDD2D4BEEB60021D7E6 /* ViaMemo.xcdatamodeld in Sources */,
				42573E7E2D4D6C5F00A34AF0 /* TelaDesejosView.swift in Sources */,
				AB81ABD12D4BEEB50021D7E6 /* ViaMemoApp.swift in Sources */,
				AB65006D2D52831200F38C34 /* SearchBar.swift in Sources */,
				AB81ABEB2D4C1F3E0021D7E6 /* SwiftData.swift in Sources */,
				42573E782D4D3F0500A34AF0 /* CardDesejo.swift in Sources */,
				7F6D7F772D52836800C34A6B /* CardPostagem.swift in Sources */,
				AB81ABEF2D4C1F6A0021D7E6 /* CardInicial.swift in Sources */,
				42573E7A2D4D4AD000A34AF0 /* TabBar.swift in Sources */,
				7F6D7F792D5283A000C34A6B /* TelaPostagem.swift in Sources */,
			);
			runOnlyForDeploymentPostprocessing = 0;
		};
/* End PBXSourcesBuildPhase section */

/* Begin XCBuildConfiguration section */
		AB81ABDE2D4BEEB60021D7E6 /* Debug */ = {
			isa = XCBuildConfiguration;
			buildSettings = {
				ALWAYS_SEARCH_USER_PATHS = NO;
				ASSETCATALOG_COMPILER_GENERATE_SWIFT_ASSET_SYMBOL_EXTENSIONS = YES;
				CLANG_ANALYZER_NONNULL = YES;
				CLANG_ANALYZER_NUMBER_OBJECT_CONVERSION = YES_AGGRESSIVE;
				CLANG_CXX_LANGUAGE_STANDARD = "gnu++20";
				CLANG_ENABLE_MODULES = YES;
				CLANG_ENABLE_OBJC_ARC = YES;
				CLANG_ENABLE_OBJC_WEAK = YES;
				CLANG_WARN_BLOCK_CAPTURE_AUTORELEASING = YES;
				CLANG_WARN_BOOL_CONVERSION = YES;
				CLANG_WARN_COMMA = YES;
				CLANG_WARN_CONSTANT_CONVERSION = YES;
				CLANG_WARN_DEPRECATED_OBJC_IMPLEMENTATIONS = YES;
				CLANG_WARN_DIRECT_OBJC_ISA_USAGE = YES_ERROR;
				CLANG_WARN_DOCUMENTATION_COMMENTS = YES;
				CLANG_WARN_EMPTY_BODY = YES;
				CLANG_WARN_ENUM_CONVERSION = YES;
				CLANG_WARN_INFINITE_RECURSION = YES;
				CLANG_WARN_INT_CONVERSION = YES;
				CLANG_WARN_NON_LITERAL_NULL_CONVERSION = YES;
				CLANG_WARN_OBJC_IMPLICIT_RETAIN_SELF = YES;
				CLANG_WARN_OBJC_LITERAL_CONVERSION = YES;
				CLANG_WARN_OBJC_ROOT_CLASS = YES_ERROR;
				CLANG_WARN_QUOTED_INCLUDE_IN_FRAMEWORK_HEADER = YES;
				CLANG_WARN_RANGE_LOOP_ANALYSIS = YES;
				CLANG_WARN_STRICT_PROTOTYPES = YES;
				CLANG_WARN_SUSPICIOUS_MOVE = YES;
				CLANG_WARN_UNGUARDED_AVAILABILITY = YES_AGGRESSIVE;
				CLANG_WARN_UNREACHABLE_CODE = YES;
				CLANG_WARN__DUPLICATE_METHOD_MATCH = YES;
				COPY_PHASE_STRIP = NO;
				DEBUG_INFORMATION_FORMAT = dwarf;
				ENABLE_STRICT_OBJC_MSGSEND = YES;
				ENABLE_TESTABILITY = YES;
				ENABLE_USER_SCRIPT_SANDBOXING = YES;
				GCC_C_LANGUAGE_STANDARD = gnu17;
				GCC_DYNAMIC_NO_PIC = NO;
				GCC_NO_COMMON_BLOCKS = YES;
				GCC_OPTIMIZATION_LEVEL = 0;
				GCC_PREPROCESSOR_DEFINITIONS = (
					"DEBUG=1",
					"$(inherited)",
				);
				GCC_WARN_64_TO_32_BIT_CONVERSION = YES;
				GCC_WARN_ABOUT_RETURN_TYPE = YES_ERROR;
				GCC_WARN_UNDECLARED_SELECTOR = YES;
				GCC_WARN_UNINITIALIZED_AUTOS = YES_AGGRESSIVE;
				GCC_WARN_UNUSED_FUNCTION = YES;
				GCC_WARN_UNUSED_VARIABLE = YES;
				IPHONEOS_DEPLOYMENT_TARGET = 17.2;
				LOCALIZATION_PREFERS_STRING_CATALOGS = YES;
				MTL_ENABLE_DEBUG_INFO = INCLUDE_SOURCE;
				MTL_FAST_MATH = YES;
				ONLY_ACTIVE_ARCH = YES;
				SDKROOT = iphoneos;
				SWIFT_ACTIVE_COMPILATION_CONDITIONS = "DEBUG $(inherited)";
				SWIFT_OPTIMIZATION_LEVEL = "-Onone";
			};
			name = Debug;
		};
		AB81ABDF2D4BEEB60021D7E6 /* Release */ = {
			isa = XCBuildConfiguration;
			buildSettings = {
				ALWAYS_SEARCH_USER_PATHS = NO;
				ASSETCATALOG_COMPILER_GENERATE_SWIFT_ASSET_SYMBOL_EXTENSIONS = YES;
				CLANG_ANALYZER_NONNULL = YES;
				CLANG_ANALYZER_NUMBER_OBJECT_CONVERSION = YES_AGGRESSIVE;
				CLANG_CXX_LANGUAGE_STANDARD = "gnu++20";
				CLANG_ENABLE_MODULES = YES;
				CLANG_ENABLE_OBJC_ARC = YES;
				CLANG_ENABLE_OBJC_WEAK = YES;
				CLANG_WARN_BLOCK_CAPTURE_AUTORELEASING = YES;
				CLANG_WARN_BOOL_CONVERSION = YES;
				CLANG_WARN_COMMA = YES;
				CLANG_WARN_CONSTANT_CONVERSION = YES;
				CLANG_WARN_DEPRECATED_OBJC_IMPLEMENTATIONS = YES;
				CLANG_WARN_DIRECT_OBJC_ISA_USAGE = YES_ERROR;
				CLANG_WARN_DOCUMENTATION_COMMENTS = YES;
				CLANG_WARN_EMPTY_BODY = YES;
				CLANG_WARN_ENUM_CONVERSION = YES;
				CLANG_WARN_INFINITE_RECURSION = YES;
				CLANG_WARN_INT_CONVERSION = YES;
				CLANG_WARN_NON_LITERAL_NULL_CONVERSION = YES;
				CLANG_WARN_OBJC_IMPLICIT_RETAIN_SELF = YES;
				CLANG_WARN_OBJC_LITERAL_CONVERSION = YES;
				CLANG_WARN_OBJC_ROOT_CLASS = YES_ERROR;
				CLANG_WARN_QUOTED_INCLUDE_IN_FRAMEWORK_HEADER = YES;
				CLANG_WARN_RANGE_LOOP_ANALYSIS = YES;
				CLANG_WARN_STRICT_PROTOTYPES = YES;
				CLANG_WARN_SUSPICIOUS_MOVE = YES;
				CLANG_WARN_UNGUARDED_AVAILABILITY = YES_AGGRESSIVE;
				CLANG_WARN_UNREACHABLE_CODE = YES;
				CLANG_WARN__DUPLICATE_METHOD_MATCH = YES;
				COPY_PHASE_STRIP = NO;
				DEBUG_INFORMATION_FORMAT = "dwarf-with-dsym";
				ENABLE_NS_ASSERTIONS = NO;
				ENABLE_STRICT_OBJC_MSGSEND = YES;
				ENABLE_USER_SCRIPT_SANDBOXING = YES;
				GCC_C_LANGUAGE_STANDARD = gnu17;
				GCC_NO_COMMON_BLOCKS = YES;
				GCC_WARN_64_TO_32_BIT_CONVERSION = YES;
				GCC_WARN_ABOUT_RETURN_TYPE = YES_ERROR;
				GCC_WARN_UNDECLARED_SELECTOR = YES;
				GCC_WARN_UNINITIALIZED_AUTOS = YES_AGGRESSIVE;
				GCC_WARN_UNUSED_FUNCTION = YES;
				GCC_WARN_UNUSED_VARIABLE = YES;
				IPHONEOS_DEPLOYMENT_TARGET = 17.2;
				LOCALIZATION_PREFERS_STRING_CATALOGS = YES;
				MTL_ENABLE_DEBUG_INFO = NO;
				MTL_FAST_MATH = YES;
				SDKROOT = iphoneos;
				SWIFT_COMPILATION_MODE = wholemodule;
				VALIDATE_PRODUCT = YES;
			};
			name = Release;
		};
		AB81ABE12D4BEEB60021D7E6 /* Debug */ = {
			isa = XCBuildConfiguration;
			buildSettings = {
				ASSETCATALOG_COMPILER_APPICON_NAME = AppIcon;
				ASSETCATALOG_COMPILER_GLOBAL_ACCENT_COLOR_NAME = AccentColor;
				CODE_SIGN_STYLE = Automatic;
				CURRENT_PROJECT_VERSION = 1;
				DEVELOPMENT_ASSET_PATHS = "\"ViaMemo/Preview Content\"";
				ENABLE_PREVIEWS = YES;
				GENERATE_INFOPLIST_FILE = YES;
				INFOPLIST_KEY_UIApplicationSceneManifest_Generation = YES;
				INFOPLIST_KEY_UIApplicationSupportsIndirectInputEvents = YES;
				INFOPLIST_KEY_UILaunchScreen_Generation = YES;
				INFOPLIST_KEY_UISupportedInterfaceOrientations_iPad = "UIInterfaceOrientationPortrait UIInterfaceOrientationPortraitUpsideDown UIInterfaceOrientationLandscapeLeft UIInterfaceOrientationLandscapeRight";
				INFOPLIST_KEY_UISupportedInterfaceOrientations_iPhone = "UIInterfaceOrientationPortrait UIInterfaceOrientationLandscapeLeft UIInterfaceOrientationLandscapeRight";
				LD_RUNPATH_SEARCH_PATHS = (
					"$(inherited)",
					"@executable_path/Frameworks",
				);
				MARKETING_VERSION = 1.0;
				PRODUCT_BUNDLE_IDENTIFIER = viamemo.ViaMemo;
				PRODUCT_NAME = "$(TARGET_NAME)";
				SWIFT_EMIT_LOC_STRINGS = YES;
				SWIFT_VERSION = 5.0;
				TARGETED_DEVICE_FAMILY = "1,2";
			};
			name = Debug;
		};
		AB81ABE22D4BEEB60021D7E6 /* Release */ = {
			isa = XCBuildConfiguration;
			buildSettings = {
				ASSETCATALOG_COMPILER_APPICON_NAME = AppIcon;
				ASSETCATALOG_COMPILER_GLOBAL_ACCENT_COLOR_NAME = AccentColor;
				CODE_SIGN_STYLE = Automatic;
				CURRENT_PROJECT_VERSION = 1;
				DEVELOPMENT_ASSET_PATHS = "\"ViaMemo/Preview Content\"";
				ENABLE_PREVIEWS = YES;
				GENERATE_INFOPLIST_FILE = YES;
				INFOPLIST_KEY_UIApplicationSceneManifest_Generation = YES;
				INFOPLIST_KEY_UIApplicationSupportsIndirectInputEvents = YES;
				INFOPLIST_KEY_UILaunchScreen_Generation = YES;
				INFOPLIST_KEY_UISupportedInterfaceOrientations_iPad = "UIInterfaceOrientationPortrait UIInterfaceOrientationPortraitUpsideDown UIInterfaceOrientationLandscapeLeft UIInterfaceOrientationLandscapeRight";
				INFOPLIST_KEY_UISupportedInterfaceOrientations_iPhone = "UIInterfaceOrientationPortrait UIInterfaceOrientationLandscapeLeft UIInterfaceOrientationLandscapeRight";
				LD_RUNPATH_SEARCH_PATHS = (
					"$(inherited)",
					"@executable_path/Frameworks",
				);
				MARKETING_VERSION = 1.0;
				PRODUCT_BUNDLE_IDENTIFIER = viamemo.ViaMemo;
				PRODUCT_NAME = "$(TARGET_NAME)";
				SWIFT_EMIT_LOC_STRINGS = YES;
				SWIFT_VERSION = 5.0;
				TARGETED_DEVICE_FAMILY = "1,2";
			};
			name = Release;
		};
/* End XCBuildConfiguration section */

/* Begin XCConfigurationList section */
		AB81ABC82D4BEEB50021D7E6 /* Build configuration list for PBXProject "ViaMemo" */ = {
			isa = XCConfigurationList;
			buildConfigurations = (
				AB81ABDE2D4BEEB60021D7E6 /* Debug */,
				AB81ABDF2D4BEEB60021D7E6 /* Release */,
			);
			defaultConfigurationIsVisible = 0;
			defaultConfigurationName = Release;
		};
		AB81ABE02D4BEEB60021D7E6 /* Build configuration list for PBXNativeTarget "ViaMemo" */ = {
			isa = XCConfigurationList;
			buildConfigurations = (
				AB81ABE12D4BEEB60021D7E6 /* Debug */,
				AB81ABE22D4BEEB60021D7E6 /* Release */,
			);
			defaultConfigurationIsVisible = 0;
			defaultConfigurationName = Release;
		};
/* End XCConfigurationList section */

/* Begin XCVersionGroup section */
		AB81ABDB2D4BEEB60021D7E6 /* ViaMemo.xcdatamodeld */ = {
			isa = XCVersionGroup;
			children = (
				AB81ABDC2D4BEEB60021D7E6 /* ViaMemo.xcdatamodel */,
			);
			currentVersion = AB81ABDC2D4BEEB60021D7E6 /* ViaMemo.xcdatamodel */;
			path = ViaMemo.xcdatamodeld;
			sourceTree = "<group>";
			versionGroupType = wrapper.xcdatamodel;
		};
/* End XCVersionGroup section */
	};
	rootObject = AB81ABC52D4BEEB50021D7E6 /* Project object */;
}
